<Solution>
  <Project Path="../tests/Sdl3Sharp.Tests.Integration/Sdl3Sharp.Tests.Integration.csproj" Id="b9b0b627-81fd-4791-8ab8-2a09c3290d7b" />
  <Project Path="../tests/Sdl3Sharp.Tests.Unit/Sdl3Sharp.Tests.Unit.csproj" Id="c9bc8737-f4a6-432d-b4b6-5064825bc630" />
  <Project Path="Sdl3Sharp.SourceGeneration.RegisterDriver/Sdl3Sharp.SourceGeneration.RegisterDriver.csproj" />
  <Project Path="Sdl3Sharp.SourceGeneration/Sdl3Sharp.SourceGeneration.csproj" />
  <Project Path="Sdl3Sharp/Sdl3Sharp.csproj" />
</Solution>
